// !$*UTF8*$!
{
	archiveVersion = 1;
	classes = {
	};
	objectVersion = 56;
	objects = {

/* Begin PBXBuildFile section */
		A40F077E2A57E6F30055BF95 /* ProductDetail.swift in Sources */ = {isa = PBXBuildFile; fileRef = A40F077D2A57E6F30055BF95 /* ProductDetail.swift */; };
		A438460F2A695D8000E754D8 /* Shopping.swift in Sources */ = {isa = PBXBuildFile; fileRef = A438460E2A695D8000E754D8 /* Shopping.swift */; };
		A43846112A695D9100E754D8 /* ShoppingDesing.swift in Sources */ = {isa = PBXBuildFile; fileRef = A43846102A695D9100E754D8 /* ShoppingDesing.swift */; };
		A43846132A695EAF00E754D8 /* SplashScreen.swift in Sources */ = {isa = PBXBuildFile; fileRef = A43846122A695EAF00E754D8 /* SplashScreen.swift */; };
		A47389802A5E9E5E00A985E6 /* HomeDesign.swift in Sources */ = {isa = PBXBuildFile; fileRef = A473897F2A5E9E5E00A985E6 /* HomeDesign.swift */; };
		A47389852A5EA21C00A985E6 /* ProductDetailDesign.swift in Sources */ = {isa = PBXBuildFile; fileRef = A47389842A5EA21C00A985E6 /* ProductDetailDesign.swift */; };
		A4A0032B2A6AB57200E0BC13 /* Lottie in Frameworks */ = {isa = PBXBuildFile; productRef = A4A0032A2A6AB57200E0BC13 /* Lottie */; };
		A4A0032D2A6AB6A500E0BC13 /* launchScreen.json in Resources */ = {isa = PBXBuildFile; fileRef = A4A0032C2A6AB6A500E0BC13 /* launchScreen.json */; };
		A4A0032F2A6AB7BB00E0BC13 /* LottieView.swift in Sources */ = {isa = PBXBuildFile; fileRef = A4A0032E2A6AB7BB00E0BC13 /* LottieView.swift */; };
		A4B3D98A2A601DA2004C71D7 /* Kingfisher in Frameworks */ = {isa = PBXBuildFile; productRef = A4B3D9892A601DA2004C71D7 /* Kingfisher */; };
		A4CEAB1C2A61428B00AE1495 /* FavoritesDesign.swift in Sources */ = {isa = PBXBuildFile; fileRef = A4CEAB1B2A61428B00AE1495 /* FavoritesDesign.swift */; };
		A4D75C9A2A56D1540046CE00 /* alisveriApp.swift in Sources */ = {isa = PBXBuildFile; fileRef = A4D75C992A56D1540046CE00 /* alisveriApp.swift */; };
		A4D75C9C2A56D1540046CE00 /* ContentView.swift in Sources */ = {isa = PBXBuildFile; fileRef = A4D75C9B2A56D1540046CE00 /* ContentView.swift */; };
		A4D75C9E2A56D1550046CE00 /* Assets.xcassets in Resources */ = {isa = PBXBuildFile; fileRef = A4D75C9D2A56D1550046CE00 /* Assets.xcassets */; };
		A4D75CA12A56D1550046CE00 /* Preview Assets.xcassets in Resources */ = {isa = PBXBuildFile; fileRef = A4D75CA02A56D1550046CE00 /* Preview Assets.xcassets */; };
		A4D75CA82A56DB2C0046CE00 /* HomePage.swift in Sources */ = {isa = PBXBuildFile; fileRef = A4D75CA72A56DB2C0046CE00 /* HomePage.swift */; };
		A4D75CB22A56DBA20046CE00 /* Ayarlar.swift in Sources */ = {isa = PBXBuildFile; fileRef = A4D75CB12A56DBA20046CE00 /* Ayarlar.swift */; };
		A4F0C85C2A5D846C00DAE697 /* Product.swift in Sources */ = {isa = PBXBuildFile; fileRef = A4F0C85B2A5D846C00DAE697 /* Product.swift */; };
		A4F0C85E2A5D866C00DAE697 /* Favorites.swift in Sources */ = {isa = PBXBuildFile; fileRef = A4F0C85D2A5D866C00DAE697 /* Favorites.swift */; };
		A4F331252A59912E0074823B /* HomePageViewModel.swift in Sources */ = {isa = PBXBuildFile; fileRef = A4F331242A59912E0074823B /* HomePageViewModel.swift */; };
		A4F331272A5991580074823B /* FavorilerViewModel.swift in Sources */ = {isa = PBXBuildFile; fileRef = A4F331262A5991580074823B /* FavorilerViewModel.swift */; };
/* End PBXBuildFile section */

/* Begin PBXFileReference section */
		A40F077D2A57E6F30055BF95 /* ProductDetail.swift */ = {isa = PBXFileReference; lastKnownFileType = sourcecode.swift; path = ProductDetail.swift; sourceTree = "<group>"; };
		A438460E2A695D8000E754D8 /* Shopping.swift */ = {isa = PBXFileReference; lastKnownFileType = sourcecode.swift; path = Shopping.swift; sourceTree = "<group>"; };
		A43846102A695D9100E754D8 /* ShoppingDesing.swift */ = {isa = PBXFileReference; lastKnownFileType = sourcecode.swift; path = ShoppingDesing.swift; sourceTree = "<group>"; };
		A43846122A695EAF00E754D8 /* SplashScreen.swift */ = {isa = PBXFileReference; lastKnownFileType = sourcecode.swift; path = SplashScreen.swift; sourceTree = "<group>"; };
		A473897F2A5E9E5E00A985E6 /* HomeDesign.swift */ = {isa = PBXFileReference; lastKnownFileType = sourcecode.swift; path = HomeDesign.swift; sourceTree = "<group>"; };
		A47389842A5EA21C00A985E6 /* ProductDetailDesign.swift */ = {isa = PBXFileReference; lastKnownFileType = sourcecode.swift; path = ProductDetailDesign.swift; sourceTree = "<group>"; };
		A4A0032C2A6AB6A500E0BC13 /* launchScreen.json */ = {isa = PBXFileReference; fileEncoding = 4; lastKnownFileType = text.json; path = launchScreen.json; sourceTree = "<group>"; };
		A4A0032E2A6AB7BB00E0BC13 /* LottieView.swift */ = {isa = PBXFileReference; lastKnownFileType = sourcecode.swift; path = LottieView.swift; sourceTree = "<group>"; };
		A4CEAB1B2A61428B00AE1495 /* FavoritesDesign.swift */ = {isa = PBXFileReference; lastKnownFileType = sourcecode.swift; path = FavoritesDesign.swift; sourceTree = "<group>"; };
		A4D75C962A56D1540046CE00 /* alisveriApp.app */ = {isa = PBXFileReference; explicitFileType = wrapper.application; includeInIndex = 0; path = alisveriApp.app; sourceTree = BUILT_PRODUCTS_DIR; };
		A4D75C992A56D1540046CE00 /* alisveriApp.swift */ = {isa = PBXFileReference; lastKnownFileType = sourcecode.swift; path = alisveriApp.swift; sourceTree = "<group>"; };
		A4D75C9B2A56D1540046CE00 /* ContentView.swift */ = {isa = PBXFileReference; lastKnownFileType = sourcecode.swift; path = ContentView.swift; sourceTree = "<group>"; };
		A4D75C9D2A56D1550046CE00 /* Assets.xcassets */ = {isa = PBXFileReference; lastKnownFileType = folder.assetcatalog; path = Assets.xcassets; sourceTree = "<group>"; };
		A4D75CA02A56D1550046CE00 /* Preview Assets.xcassets */ = {isa = PBXFileReference; lastKnownFileType = folder.assetcatalog; path = "Preview Assets.xcassets"; sourceTree = "<group>"; };
		A4D75CA72A56DB2C0046CE00 /* HomePage.swift */ = {isa = PBXFileReference; lastKnownFileType = sourcecode.swift; path = HomePage.swift; sourceTree = "<group>"; };
		A4D75CB12A56DBA20046CE00 /* Ayarlar.swift */ = {isa = PBXFileReference; lastKnownFileType = sourcecode.swift; path = Ayarlar.swift; sourceTree = "<group>"; };
		A4F0C85B2A5D846C00DAE697 /* Product.swift */ = {isa = PBXFileReference; lastKnownFileType = sourcecode.swift; path = Product.swift; sourceTree = "<group>"; };
		A4F0C85D2A5D866C00DAE697 /* Favorites.swift */ = {isa = PBXFileReference; lastKnownFileType = sourcecode.swift; path = Favorites.swift; sourceTree = "<group>"; };
		A4F331242A59912E0074823B /* HomePageViewModel.swift */ = {isa = PBXFileReference; lastKnownFileType = sourcecode.swift; path = HomePageViewModel.swift; sourceTree = "<group>"; };
		A4F331262A5991580074823B /* FavorilerViewModel.swift */ = {isa = PBXFileReference; lastKnownFileType = sourcecode.swift; path = FavorilerViewModel.swift; sourceTree = "<group>"; };
/* End PBXFileReference section */

/* Begin PBXFrameworksBuildPhase section */
		A4D75C932A56D1540046CE00 /* Frameworks */ = {
			isa = PBXFrameworksBuildPhase;
			buildActionMask = 2147483647;
			files = (
				A4B3D98A2A601DA2004C71D7 /* Kingfisher in Frameworks */,
				A4A0032B2A6AB57200E0BC13 /* Lottie in Frameworks */,
			);
			runOnlyForDeploymentPostprocessing = 0;
		};
/* End PBXFrameworksBuildPhase section */

/* Begin PBXGroup section */
		A43846142A6972D800E754D8 /* Alerts */ = {
			isa = PBXGroup;
			children = (
			);
			path = Alerts;
			sourceTree = "<group>";
		};
		A473897E2A5E9E4500A985E6 /* SubView */ = {
			isa = PBXGroup;
			children = (
				A473897F2A5E9E5E00A985E6 /* HomeDesign.swift */,
				A47389842A5EA21C00A985E6 /* ProductDetailDesign.swift */,
				A4CEAB1B2A61428B00AE1495 /* FavoritesDesign.swift */,
				A43846102A695D9100E754D8 /* ShoppingDesing.swift */,
			);
			path = SubView;
			sourceTree = "<group>";
		};
		A4D75C8D2A56D1540046CE00 = {
			isa = PBXGroup;
			children = (
				A4D75C982A56D1540046CE00 /* alisveriApp */,
				A4D75C972A56D1540046CE00 /* Products */,
			);
			sourceTree = "<group>";
		};
		A4D75C972A56D1540046CE00 /* Products */ = {
			isa = PBXGroup;
			children = (
				A4D75C962A56D1540046CE00 /* alisveriApp.app */,
			);
			name = Products;
			sourceTree = "<group>";
		};
		A4D75C982A56D1540046CE00 /* alisveriApp */ = {
			isa = PBXGroup;
			children = (
				A4D75CAC2A56DB510046CE00 /* Helper */,
				A4D75CA92A56DB320046CE00 /* Model */,
				A4D75CAA2A56DB370046CE00 /* View */,
				A4D75CAB2A56DB3C0046CE00 /* ViewModel */,
				A4D75C992A56D1540046CE00 /* alisveriApp.swift */,
				A4D75C9F2A56D1550046CE00 /* Preview Content */,
			);
			path = alisveriApp;
			sourceTree = "<group>";
		};
		A4D75C9F2A56D1550046CE00 /* Preview Content */ = {
			isa = PBXGroup;
			children = (
				A4D75CA02A56D1550046CE00 /* Preview Assets.xcassets */,
			);
			path = "Preview Content";
			sourceTree = "<group>";
		};
		A4D75CA92A56DB320046CE00 /* Model */ = {
			isa = PBXGroup;
			children = (
				A4F0C85B2A5D846C00DAE697 /* Product.swift */,
			);
			path = Model;
			sourceTree = "<group>";
		};
		A4D75CAA2A56DB370046CE00 /* View */ = {
			isa = PBXGroup;
			children = (
				A473897E2A5E9E4500A985E6 /* SubView */,
				A4D75C9B2A56D1540046CE00 /* ContentView.swift */,
				A4D75CA72A56DB2C0046CE00 /* HomePage.swift */,
				A40F077D2A57E6F30055BF95 /* ProductDetail.swift */,
				A4D75CB12A56DBA20046CE00 /* Ayarlar.swift */,
				A4F0C85D2A5D866C00DAE697 /* Favorites.swift */,
				A438460E2A695D8000E754D8 /* Shopping.swift */,
				A43846122A695EAF00E754D8 /* SplashScreen.swift */,
				A4A0032E2A6AB7BB00E0BC13 /* LottieView.swift */,
			);
			path = View;
			sourceTree = "<group>";
		};
		A4D75CAB2A56DB3C0046CE00 /* ViewModel */ = {
			isa = PBXGroup;
			children = (
				A4F331242A59912E0074823B /* HomePageViewModel.swift */,
				A4F331262A5991580074823B /* FavorilerViewModel.swift */,
			);
			path = ViewModel;
			sourceTree = "<group>";
		};
		A4D75CAC2A56DB510046CE00 /* Helper */ = {
			isa = PBXGroup;
			children = (
				A4A0032C2A6AB6A500E0BC13 /* launchScreen.json */,
				A43846142A6972D800E754D8 /* Alerts */,
				A4D75C9D2A56D1550046CE00 /* Assets.xcassets */,
			);
			path = Helper;
			sourceTree = "<group>";
		};
/* End PBXGroup section */

/* Begin PBXNativeTarget section */
		A4D75C952A56D1540046CE00 /* alisveriApp */ = {
			isa = PBXNativeTarget;
			buildConfigurationList = A4D75CA42A56D1550046CE00 /* Build configuration list for PBXNativeTarget "alisveriApp" */;
			buildPhases = (
				A4D75C922A56D1540046CE00 /* Sources */,
				A4D75C932A56D1540046CE00 /* Frameworks */,
				A4D75C942A56D1540046CE00 /* Resources */,
			);
			buildRules = (
			);
			dependencies = (
			);
			name = alisveriApp;
			packageProductDependencies = (
				A4B3D9892A601DA2004C71D7 /* Kingfisher */,
				A4A0032A2A6AB57200E0BC13 /* Lottie */,
			);
			productName = alisveriApp;
			productReference = A4D75C962A56D1540046CE00 /* alisveriApp.app */;
			productType = "com.apple.product-type.application";
		};
/* End PBXNativeTarget section */

/* Begin PBXProject section */
		A4D75C8E2A56D1540046CE00 /* Project object */ = {
			isa = PBXProject;
			attributes = {
				BuildIndependentTargetsInParallel = 1;
				LastSwiftUpdateCheck = 1420;
				LastUpgradeCheck = 1420;
				TargetAttributes = {
					A4D75C952A56D1540046CE00 = {
						CreatedOnToolsVersion = 14.2;
					};
				};
			};
			buildConfigurationList = A4D75C912A56D1540046CE00 /* Build configuration list for PBXProject "alisveriApp" */;
			compatibilityVersion = "Xcode 14.0";
			developmentRegion = en;
			hasScannedForEncodings = 0;
			knownRegions = (
				en,
				Base,
			);
			mainGroup = A4D75C8D2A56D1540046CE00;
			packageReferences = (
				A4B3D9882A601DA2004C71D7 /* XCRemoteSwiftPackageReference "Kingfisher" */,
				A4A003292A6AB57200E0BC13 /* XCRemoteSwiftPackageReference "lottie-ios" */,
			);
			productRefGroup = A4D75C972A56D1540046CE00 /* Products */;
			projectDirPath = "";
			projectRoot = "";
			targets = (
				A4D75C952A56D1540046CE00 /* alisveriApp */,
			);
		};
/* End PBXProject section */

/* Begin PBXResourcesBuildPhase section */
		A4D75C942A56D1540046CE00 /* Resources */ = {
			isa = PBXResourcesBuildPhase;
			buildActionMask = 2147483647;
			files = (
				A4D75CA12A56D1550046CE00 /* Preview Assets.xcassets in Resources */,
				A4A0032D2A6AB6A500E0BC13 /* launchScreen.json in Resources */,
				A4D75C9E2A56D1550046CE00 /* Assets.xcassets in Resources */,
			);
			runOnlyForDeploymentPostprocessing = 0;
		};
/* End PBXResourcesBuildPhase section */

/* Begin PBXSourcesBuildPhase section */
		A4D75C922A56D1540046CE00 /* Sources */ = {
			isa = PBXSourcesBuildPhase;
			buildActionMask = 2147483647;
			files = (
				A43846132A695EAF00E754D8 /* SplashScreen.swift in Sources */,
				A4D75CB22A56DBA20046CE00 /* Ayarlar.swift in Sources */,
				A47389852A5EA21C00A985E6 /* ProductDetailDesign.swift in Sources */,
				A4D75C9C2A56D1540046CE00 /* ContentView.swift in Sources */,
				A4D75C9A2A56D1540046CE00 /* alisveriApp.swift in Sources */,
				A4F0C85C2A5D846C00DAE697 /* Product.swift in Sources */,
				A4F331252A59912E0074823B /* HomePageViewModel.swift in Sources */,
				A4A0032F2A6AB7BB00E0BC13 /* LottieView.swift in Sources */,
				A40F077E2A57E6F30055BF95 /* ProductDetail.swift in Sources */,
				A43846112A695D9100E754D8 /* ShoppingDesing.swift in Sources */,
				A438460F2A695D8000E754D8 /* Shopping.swift in Sources */,
				A4D75CA82A56DB2C0046CE00 /* HomePage.swift in Sources */,
				A4F0C85E2A5D866C00DAE697 /* Favorites.swift in Sources */,
				A4F331272A5991580074823B /* FavorilerViewModel.swift in Sources */,
				A47389802A5E9E5E00A985E6 /* HomeDesign.swift in Sources */,
				A4CEAB1C2A61428B00AE1495 /* FavoritesDesign.swift in Sources */,
			);
			runOnlyForDeploymentPostprocessing = 0;
		};
/* End PBXSourcesBuildPhase section */

/* Begin XCBuildConfiguration section */
		A4D75CA22A56D1550046CE00 /* Debug */ = {
			isa = XCBuildConfiguration;
			buildSettings = {
				ALWAYS_SEARCH_USER_PATHS = NO;
				CLANG_ANALYZER_NONNULL = YES;
				CLANG_ANALYZER_NUMBER_OBJECT_CONVERSION = YES_AGGRESSIVE;
				CLANG_CXX_LANGUAGE_STANDARD = "gnu++20";
				CLANG_ENABLE_MODULES = YES;
				CLANG_ENABLE_OBJC_ARC = YES;
				CLANG_ENABLE_OBJC_WEAK = YES;
				CLANG_WARN_BLOCK_CAPTURE_AUTORELEASING = YES;
				CLANG_WARN_BOOL_CONVERSION = YES;
				CLANG_WARN_COMMA = YES;
				CLANG_WARN_CONSTANT_CONVERSION = YES;
				CLANG_WARN_DEPRECATED_OBJC_IMPLEMENTATIONS = YES;
				CLANG_WARN_DIRECT_OBJC_ISA_USAGE = YES_ERROR;
				CLANG_WARN_DOCUMENTATION_COMMENTS = YES;
				CLANG_WARN_EMPTY_BODY = YES;
				CLANG_WARN_ENUM_CONVERSION = YES;
				CLANG_WARN_INFINITE_RECURSION = YES;
				CLANG_WARN_INT_CONVERSION = YES;
				CLANG_WARN_NON_LITERAL_NULL_CONVERSION = YES;
				CLANG_WARN_OBJC_IMPLICIT_RETAIN_SELF = YES;
				CLANG_WARN_OBJC_LITERAL_CONVERSION = YES;
				CLANG_WARN_OBJC_ROOT_CLASS = YES_ERROR;
				CLANG_WARN_QUOTED_INCLUDE_IN_FRAMEWORK_HEADER = YES;
				CLANG_WARN_RANGE_LOOP_ANALYSIS = YES;
				CLANG_WARN_STRICT_PROTOTYPES = YES;
				CLANG_WARN_SUSPICIOUS_MOVE = YES;
				CLANG_WARN_UNGUARDED_AVAILABILITY = YES_AGGRESSIVE;
				CLANG_WARN_UNREACHABLE_CODE = YES;
				CLANG_WARN__DUPLICATE_METHOD_MATCH = YES;
				COPY_PHASE_STRIP = NO;
				DEBUG_INFORMATION_FORMAT = dwarf;
				ENABLE_STRICT_OBJC_MSGSEND = YES;
				ENABLE_TESTABILITY = YES;
				GCC_C_LANGUAGE_STANDARD = gnu11;
				GCC_DYNAMIC_NO_PIC = NO;
				GCC_NO_COMMON_BLOCKS = YES;
				GCC_OPTIMIZATION_LEVEL = 0;
				GCC_PREPROCESSOR_DEFINITIONS = (
					"DEBUG=1",
					"$(inherited)",
				);
				GCC_WARN_64_TO_32_BIT_CONVERSION = YES;
				GCC_WARN_ABOUT_RETURN_TYPE = YES_ERROR;
				GCC_WARN_UNDECLARED_SELECTOR = YES;
				GCC_WARN_UNINITIALIZED_AUTOS = YES_AGGRESSIVE;
				GCC_WARN_UNUSED_FUNCTION = YES;
				GCC_WARN_UNUSED_VARIABLE = YES;
				IPHONEOS_DEPLOYMENT_TARGET = 16.2;
				MTL_ENABLE_DEBUG_INFO = INCLUDE_SOURCE;
				MTL_FAST_MATH = YES;
				ONLY_ACTIVE_ARCH = YES;
				SDKROOT = iphoneos;
				SWIFT_ACTIVE_COMPILATION_CONDITIONS = DEBUG;
				SWIFT_OPTIMIZATION_LEVEL = "-Onone";
			};
			name = Debug;
		};
		A4D75CA32A56D1550046CE00 /* Release */ = {
			isa = XCBuildConfiguration;
			buildSettings = {
				ALWAYS_SEARCH_USER_PATHS = NO;
				CLANG_ANALYZER_NONNULL = YES;
				CLANG_ANALYZER_NUMBER_OBJECT_CONVERSION = YES_AGGRESSIVE;
				CLANG_CXX_LANGUAGE_STANDARD = "gnu++20";
				CLANG_ENABLE_MODULES = YES;
				CLANG_ENABLE_OBJC_ARC = YES;
				CLANG_ENABLE_OBJC_WEAK = YES;
				CLANG_WARN_BLOCK_CAPTURE_AUTORELEASING = YES;
				CLANG_WARN_BOOL_CONVERSION = YES;
				CLANG_WARN_COMMA = YES;
				CLANG_WARN_CONSTANT_CONVERSION = YES;
				CLANG_WARN_DEPRECATED_OBJC_IMPLEMENTATIONS = YES;
				CLANG_WARN_DIRECT_OBJC_ISA_USAGE = YES_ERROR;
				CLANG_WARN_DOCUMENTATION_COMMENTS = YES;
				CLANG_WARN_EMPTY_BODY = YES;
				CLANG_WARN_ENUM_CONVERSION = YES;
				CLANG_WARN_INFINITE_RECURSION = YES;
				CLANG_WARN_INT_CONVERSION = YES;
				CLANG_WARN_NON_LITERAL_NULL_CONVERSION = YES;
				CLANG_WARN_OBJC_IMPLICIT_RETAIN_SELF = YES;
				CLANG_WARN_OBJC_LITERAL_CONVERSION = YES;
				CLANG_WARN_OBJC_ROOT_CLASS = YES_ERROR;
				CLANG_WARN_QUOTED_INCLUDE_IN_FRAMEWORK_HEADER = YES;
				CLANG_WARN_RANGE_LOOP_ANALYSIS = YES;
				CLANG_WARN_STRICT_PROTOTYPES = YES;
				CLANG_WARN_SUSPICIOUS_MOVE = YES;
				CLANG_WARN_UNGUARDED_AVAILABILITY = YES_AGGRESSIVE;
				CLANG_WARN_UNREACHABLE_CODE = YES;
				CLANG_WARN__DUPLICATE_METHOD_MATCH = YES;
				COPY_PHASE_STRIP = NO;
				DEBUG_INFORMATION_FORMAT = "dwarf-with-dsym";
				ENABLE_NS_ASSERTIONS = NO;
				ENABLE_STRICT_OBJC_MSGSEND = YES;
				GCC_C_LANGUAGE_STANDARD = gnu11;
				GCC_NO_COMMON_BLOCKS = YES;
				GCC_WARN_64_TO_32_BIT_CONVERSION = YES;
				GCC_WARN_ABOUT_RETURN_TYPE = YES_ERROR;
				GCC_WARN_UNDECLARED_SELECTOR = YES;
				GCC_WARN_UNINITIALIZED_AUTOS = YES_AGGRESSIVE;
				GCC_WARN_UNUSED_FUNCTION = YES;
				GCC_WARN_UNUSED_VARIABLE = YES;
				IPHONEOS_DEPLOYMENT_TARGET = 16.2;
				MTL_ENABLE_DEBUG_INFO = NO;
				MTL_FAST_MATH = YES;
				SDKROOT = iphoneos;
				SWIFT_COMPILATION_MODE = wholemodule;
				SWIFT_OPTIMIZATION_LEVEL = "-O";
				VALIDATE_PRODUCT = YES;
			};
			name = Release;
		};
		A4D75CA52A56D1550046CE00 /* Debug */ = {
			isa = XCBuildConfiguration;
			buildSettings = {
				ASSETCATALOG_COMPILER_APPICON_NAME = AppIcon;
				ASSETCATALOG_COMPILER_GLOBAL_ACCENT_COLOR_NAME = AccentColor;
				CODE_SIGN_STYLE = Automatic;
				CURRENT_PROJECT_VERSION = 1;
				DEVELOPMENT_ASSET_PATHS = "\"alisveriApp/Preview Content\"";
				DEVELOPMENT_TEAM = NF9R7KNMC7;
				ENABLE_PREVIEWS = YES;
				GENERATE_INFOPLIST_FILE = YES;
				INFOPLIST_KEY_UIApplicationSceneManifest_Generation = YES;
				INFOPLIST_KEY_UIApplicationSupportsIndirectInputEvents = YES;
				INFOPLIST_KEY_UILaunchScreen_Generation = YES;
				INFOPLIST_KEY_UISupportedInterfaceOrientations_iPad = "UIInterfaceOrientationPortrait UIInterfaceOrientationPortraitUpsideDown UIInterfaceOrientationLandscapeLeft UIInterfaceOrientationLandscapeRight";
				INFOPLIST_KEY_UISupportedInterfaceOrientations_iPhone = "UIInterfaceOrientationPortrait UIInterfaceOrientationLandscapeLeft UIInterfaceOrientationLandscapeRight";
				LD_RUNPATH_SEARCH_PATHS = (
					"$(inherited)",
					"@executable_path/Frameworks",
				);
				MARKETING_VERSION = 1.0;
				PRODUCT_BUNDLE_IDENTIFIER = com.eyuphanakkaya.alisveriApp;
				PRODUCT_NAME = "$(TARGET_NAME)";
				SWIFT_EMIT_LOC_STRINGS = YES;
				SWIFT_VERSION = 5.0;
				TARGETED_DEVICE_FAMILY = "1,2";
			};
			name = Debug;
		};
		A4D75CA62A56D1550046CE00 /* Release */ = {
			isa = XCBuildConfiguration;
			buildSettings = {
				ASSETCATALOG_COMPILER_APPICON_NAME = AppIcon;
				ASSETCATALOG_COMPILER_GLOBAL_ACCENT_COLOR_NAME = AccentColor;
				CODE_SIGN_STYLE = Automatic;
				CURRENT_PROJECT_VERSION = 1;
				DEVELOPMENT_ASSET_PATHS = "\"alisveriApp/Preview Content\"";
				DEVELOPMENT_TEAM = NF9R7KNMC7;
				ENABLE_PREVIEWS = YES;
				GENERATE_INFOPLIST_FILE = YES;
				INFOPLIST_KEY_UIApplicationSceneManifest_Generation = YES;
				INFOPLIST_KEY_UIApplicationSupportsIndirectInputEvents = YES;
				INFOPLIST_KEY_UILaunchScreen_Generation = YES;
				INFOPLIST_KEY_UISupportedInterfaceOrientations_iPad = "UIInterfaceOrientationPortrait UIInterfaceOrientationPortraitUpsideDown UIInterfaceOrientationLandscapeLeft UIInterfaceOrientationLandscapeRight";
				INFOPLIST_KEY_UISupportedInterfaceOrientations_iPhone = "UIInterfaceOrientationPortrait UIInterfaceOrientationLandscapeLeft UIInterfaceOrientationLandscapeRight";
				LD_RUNPATH_SEARCH_PATHS = (
					"$(inherited)",
					"@executable_path/Frameworks",
				);
				MARKETING_VERSION = 1.0;
				PRODUCT_BUNDLE_IDENTIFIER = com.eyuphanakkaya.alisveriApp;
				PRODUCT_NAME = "$(TARGET_NAME)";
				SWIFT_EMIT_LOC_STRINGS = YES;
				SWIFT_VERSION = 5.0;
				TARGETED_DEVICE_FAMILY = "1,2";
			};
			name = Release;
		};
/* End XCBuildConfiguration section */

/* Begin XCConfigurationList section */
		A4D75C912A56D1540046CE00 /* Build configuration list for PBXProject "alisveriApp" */ = {
			isa = XCConfigurationList;
			buildConfigurations = (
				A4D75CA22A56D1550046CE00 /* Debug */,
				A4D75CA32A56D1550046CE00 /* Release */,
			);
			defaultConfigurationIsVisible = 0;
			defaultConfigurationName = Release;
		};
		A4D75CA42A56D1550046CE00 /* Build configuration list for PBXNativeTarget "alisveriApp" */ = {
			isa = XCConfigurationList;
			buildConfigurations = (
				A4D75CA52A56D1550046CE00 /* Debug */,
				A4D75CA62A56D1550046CE00 /* Release */,
			);
			defaultConfigurationIsVisible = 0;
			defaultConfigurationName = Release;
		};
/* End XCConfigurationList section */

/* Begin XCRemoteSwiftPackageReference section */
		A4A003292A6AB57200E0BC13 /* XCRemoteSwiftPackageReference "lottie-ios" */ = {
			isa = XCRemoteSwiftPackageReference;
			repositoryURL = "https://github.com/airbnb/lottie-ios.git";
			requirement = {
				branch = master;
				kind = branch;
			};
		};
		A4B3D9882A601DA2004C71D7 /* XCRemoteSwiftPackageReference "Kingfisher" */ = {
			isa = XCRemoteSwiftPackageReference;
			repositoryURL = "https://github.com/onevcat/Kingfisher.git";
			requirement = {
				kind = upToNextMajorVersion;
				minimumVersion = 7.0.0;
			};
		};
/* End XCRemoteSwiftPackageReference section */

/* Begin XCSwiftPackageProductDependency section */
		A4A0032A2A6AB57200E0BC13 /* Lottie */ = {
			isa = XCSwiftPackageProductDependency;
			package = A4A003292A6AB57200E0BC13 /* XCRemoteSwiftPackageReference "lottie-ios" */;
			productName = Lottie;
		};
		A4B3D9892A601DA2004C71D7 /* Kingfisher */ = {
			isa = XCSwiftPackageProductDependency;
			package = A4B3D9882A601DA2004C71D7 /* XCRemoteSwiftPackageReference "Kingfisher" */;
			productName = Kingfisher;
		};
/* End XCSwiftPackageProductDependency section */
	};
	rootObject = A4D75C8E2A56D1540046CE00 /* Project object */;
}
